// !$*UTF8*$!
{
	archiveVersion = 1;
	classes = {
	};
	objectVersion = 56;
	objects = {

/* Begin PBXBuildFile section */
		C7A3A96C2B5FCCE9000AA9F0 /* CardView.swift in Sources */ = {isa = PBXBuildFile; fileRef = C7A3A96B2B5FCCE9000AA9F0 /* CardView.swift */; };
		C7A3A96F2B5FD951000AA9F0 /* CardModel.swift in Sources */ = {isa = PBXBuildFile; fileRef = C7A3A96E2B5FD951000AA9F0 /* CardModel.swift */; };
		C7A3A9712B5FDB87000AA9F0 /* CardData.swift in Sources */ = {isa = PBXBuildFile; fileRef = C7A3A9702B5FDB87000AA9F0 /* CardData.swift */; };
		C7A3A9732B5FE19E000AA9F0 /* PlayAudio.swift in Sources */ = {isa = PBXBuildFile; fileRef = C7A3A9722B5FE19E000AA9F0 /* PlayAudio.swift */; };
		C7A3A9772B5FF446000AA9F0 /* sound-chime.mp3 in Resources */ = {isa = PBXBuildFile; fileRef = C7A3A9762B5FF446000AA9F0 /* sound-chime.mp3 */; };
		C7A3A98C2B6008A6000AA9F0 /* Stickers.xcassets in Resources */ = {isa = PBXBuildFile; fileRef = C7A3A98B2B6008A6000AA9F0 /* Stickers.xcassets */; };
		C7A3A9902B6008A6000AA9F0 /* sticker.appex in Embed Foundation Extensions */ = {isa = PBXBuildFile; fileRef = C7A3A9892B6008A3000AA9F0 /* sticker.appex */; settings = {ATTRIBUTES = (RemoveHeadersOnCopy, ); }; };
		C7F0DBD52B5FBEE200A15505 /* DevelopersApp.swift in Sources */ = {isa = PBXBuildFile; fileRef = C7F0DBD42B5FBEE200A15505 /* DevelopersApp.swift */; };
		C7F0DBD72B5FBEE200A15505 /* ContentView.swift in Sources */ = {isa = PBXBuildFile; fileRef = C7F0DBD62B5FBEE200A15505 /* ContentView.swift */; };
		C7F0DBD92B5FBEE500A15505 /* Assets.xcassets in Resources */ = {isa = PBXBuildFile; fileRef = C7F0DBD82B5FBEE500A15505 /* Assets.xcassets */; };
		C7F0DBDC2B5FBEE500A15505 /* Preview Assets.xcassets in Resources */ = {isa = PBXBuildFile; fileRef = C7F0DBDB2B5FBEE500A15505 /* Preview Assets.xcassets */; };
		C7F0DBE32B5FC71F00A15505 /* Launch Screen.storyboard in Resources */ = {isa = PBXBuildFile; fileRef = C7F0DBE22B5FC71F00A15505 /* Launch Screen.storyboard */; };
/* End PBXBuildFile section */

/* Begin PBXContainerItemProxy section */
		C7A3A98E2B6008A6000AA9F0 /* PBXContainerItemProxy */ = {
			isa = PBXContainerItemProxy;
			containerPortal = C7F0DBC92B5FBEE200A15505 /* Project object */;
			proxyType = 1;
			remoteGlobalIDString = C7A3A9882B6008A3000AA9F0;
			remoteInfo = sticker;
		};
/* End PBXContainerItemProxy section */

/* Begin PBXCopyFilesBuildPhase section */
		C7A3A9862B600389000AA9F0 /* Embed Foundation Extensions */ = {
			isa = PBXCopyFilesBuildPhase;
			buildActionMask = 2147483647;
			dstPath = "";
			dstSubfolderSpec = 13;
			files = (
				C7A3A9902B6008A6000AA9F0 /* sticker.appex in Embed Foundation Extensions */,
			);
			name = "Embed Foundation Extensions";
			runOnlyForDeploymentPostprocessing = 0;
		};
/* End PBXCopyFilesBuildPhase section */

/* Begin PBXFileReference section */
		C7A3A96B2B5FCCE9000AA9F0 /* CardView.swift */ = {isa = PBXFileReference; lastKnownFileType = sourcecode.swift; path = CardView.swift; sourceTree = "<group>"; };
		C7A3A96E2B5FD951000AA9F0 /* CardModel.swift */ = {isa = PBXFileReference; lastKnownFileType = sourcecode.swift; path = CardModel.swift; sourceTree = "<group>"; };
		C7A3A9702B5FDB87000AA9F0 /* CardData.swift */ = {isa = PBXFileReference; lastKnownFileType = sourcecode.swift; path = CardData.swift; sourceTree = "<group>"; };
		C7A3A9722B5FE19E000AA9F0 /* PlayAudio.swift */ = {isa = PBXFileReference; lastKnownFileType = sourcecode.swift; path = PlayAudio.swift; sourceTree = "<group>"; };
		C7A3A9762B5FF446000AA9F0 /* sound-chime.mp3 */ = {isa = PBXFileReference; lastKnownFileType = audio.mp3; path = "sound-chime.mp3"; sourceTree = "<group>"; };
		C7A3A9892B6008A3000AA9F0 /* sticker.appex */ = {isa = PBXFileReference; explicitFileType = "wrapper.app-extension"; includeInIndex = 0; path = sticker.appex; sourceTree = BUILT_PRODUCTS_DIR; };
		C7A3A98B2B6008A6000AA9F0 /* Stickers.xcassets */ = {isa = PBXFileReference; lastKnownFileType = folder.assetcatalog; path = Stickers.xcassets; sourceTree = "<group>"; };
		C7A3A98D2B6008A6000AA9F0 /* Info.plist */ = {isa = PBXFileReference; lastKnownFileType = text.plist.xml; path = Info.plist; sourceTree = "<group>"; };
		C7F0DBD12B5FBEE200A15505 /* Developers.app */ = {isa = PBXFileReference; explicitFileType = wrapper.application; includeInIndex = 0; path = Developers.app; sourceTree = BUILT_PRODUCTS_DIR; };
		C7F0DBD42B5FBEE200A15505 /* DevelopersApp.swift */ = {isa = PBXFileReference; lastKnownFileType = sourcecode.swift; path = DevelopersApp.swift; sourceTree = "<group>"; };
		C7F0DBD62B5FBEE200A15505 /* ContentView.swift */ = {isa = PBXFileReference; lastKnownFileType = sourcecode.swift; path = ContentView.swift; sourceTree = "<group>"; };
		C7F0DBD82B5FBEE500A15505 /* Assets.xcassets */ = {isa = PBXFileReference; lastKnownFileType = folder.assetcatalog; path = Assets.xcassets; sourceTree = "<group>"; };
		C7F0DBDB2B5FBEE500A15505 /* Preview Assets.xcassets */ = {isa = PBXFileReference; lastKnownFileType = folder.assetcatalog; path = "Preview Assets.xcassets"; sourceTree = "<group>"; };
		C7F0DBE22B5FC71F00A15505 /* Launch Screen.storyboard */ = {isa = PBXFileReference; lastKnownFileType = file.storyboard; path = "Launch Screen.storyboard"; sourceTree = "<group>"; };
/* End PBXFileReference section */

/* Begin PBXFrameworksBuildPhase section */
		C7F0DBCE2B5FBEE200A15505 /* Frameworks */ = {
			isa = PBXFrameworksBuildPhase;
			buildActionMask = 2147483647;
			files = (
			);
			runOnlyForDeploymentPostprocessing = 0;
		};
/* End PBXFrameworksBuildPhase section */

/* Begin PBXGroup section */
		C7A3A96D2B5FCEC6000AA9F0 /* View */ = {
			isa = PBXGroup;
			children = (
				C7F0DBD62B5FBEE200A15505 /* ContentView.swift */,
				C7A3A96B2B5FCCE9000AA9F0 /* CardView.swift */,
			);
			path = View;
			sourceTree = "<group>";
		};
		C7A3A9782B5FF499000AA9F0 /* Sound */ = {
			isa = PBXGroup;
			children = (
				C7A3A9762B5FF446000AA9F0 /* sound-chime.mp3 */,
			);
			path = Sound;
			sourceTree = "<group>";
		};
		C7A3A98A2B6008A3000AA9F0 /* sticker */ = {
			isa = PBXGroup;
			children = (
				C7A3A98B2B6008A6000AA9F0 /* Stickers.xcassets */,
				C7A3A98D2B6008A6000AA9F0 /* Info.plist */,
			);
			path = sticker;
			sourceTree = "<group>";
		};
		C7F0DBC82B5FBEE200A15505 = {
			isa = PBXGroup;
			children = (
				C7F0DBD32B5FBEE200A15505 /* Developers */,
				C7A3A98A2B6008A3000AA9F0 /* sticker */,
				C7F0DBD22B5FBEE200A15505 /* Products */,
			);
			sourceTree = "<group>";
		};
		C7F0DBD22B5FBEE200A15505 /* Products */ = {
			isa = PBXGroup;
			children = (
				C7F0DBD12B5FBEE200A15505 /* Developers.app */,
				C7A3A9892B6008A3000AA9F0 /* sticker.appex */,
			);
			name = Products;
			sourceTree = "<group>";
		};
		C7F0DBD32B5FBEE200A15505 /* Developers */ = {
			isa = PBXGroup;
			children = (
				C7F0DBD42B5FBEE200A15505 /* DevelopersApp.swift */,
				C7A3A96D2B5FCEC6000AA9F0 /* View */,
				C7F0DBD82B5FBEE500A15505 /* Assets.xcassets */,
				C7A3A9782B5FF499000AA9F0 /* Sound */,
				C7F0DBDA2B5FBEE500A15505 /* Preview Content */,
				C7F0DBE22B5FC71F00A15505 /* Launch Screen.storyboard */,
				C7A3A96E2B5FD951000AA9F0 /* CardModel.swift */,
				C7A3A9702B5FDB87000AA9F0 /* CardData.swift */,
				C7A3A9722B5FE19E000AA9F0 /* PlayAudio.swift */,
			);
			path = Developers;
			sourceTree = "<group>";
		};
		C7F0DBDA2B5FBEE500A15505 /* Preview Content */ = {
			isa = PBXGroup;
			children = (
				C7F0DBDB2B5FBEE500A15505 /* Preview Assets.xcassets */,
			);
			path = "Preview Content";
			sourceTree = "<group>";
		};
/* End PBXGroup section */

/* Begin PBXNativeTarget section */
		C7A3A9882B6008A3000AA9F0 /* sticker */ = {
			isa = PBXNativeTarget;
			buildConfigurationList = C7A3A9912B6008A6000AA9F0 /* Build configuration list for PBXNativeTarget "sticker" */;
			buildPhases = (
				C7A3A9872B6008A3000AA9F0 /* Resources */,
			);
			buildRules = (
			);
			dependencies = (
			);
			name = sticker;
			productName = sticker;
			productReference = C7A3A9892B6008A3000AA9F0 /* sticker.appex */;
			productType = "com.apple.product-type.app-extension.messages-sticker-pack";
		};
		C7F0DBD02B5FBEE200A15505 /* Developers */ = {
			isa = PBXNativeTarget;
			buildConfigurationList = C7F0DBDF2B5FBEE500A15505 /* Build configuration list for PBXNativeTarget "Developers" */;
			buildPhases = (
				C7F0DBCD2B5FBEE200A15505 /* Sources */,
				C7F0DBCE2B5FBEE200A15505 /* Frameworks */,
				C7F0DBCF2B5FBEE200A15505 /* Resources */,
				C7A3A9862B600389000AA9F0 /* Embed Foundation Extensions */,
			);
			buildRules = (
			);
			dependencies = (
				C7A3A98F2B6008A6000AA9F0 /* PBXTargetDependency */,
			);
			name = Developers;
			productName = Developers;
			productReference = C7F0DBD12B5FBEE200A15505 /* Developers.app */;
			productType = "com.apple.product-type.application";
		};
/* End PBXNativeTarget section */

/* Begin PBXProject section */
		C7F0DBC92B5FBEE200A15505 /* Project object */ = {
			isa = PBXProject;
			attributes = {
				BuildIndependentTargetsInParallel = 1;
				LastSwiftUpdateCheck = 1510;
				LastUpgradeCheck = 1510;
				TargetAttributes = {
					C7A3A9882B6008A3000AA9F0 = {
						CreatedOnToolsVersion = 15.1;
					};
					C7F0DBD02B5FBEE200A15505 = {
						CreatedOnToolsVersion = 15.1;
					};
				};
			};
			buildConfigurationList = C7F0DBCC2B5FBEE200A15505 /* Build configuration list for PBXProject "Developers" */;
			compatibilityVersion = "Xcode 14.0";
			developmentRegion = en;
			hasScannedForEncodings = 0;
			knownRegions = (
				en,
				Base,
			);
			mainGroup = C7F0DBC82B5FBEE200A15505;
			productRefGroup = C7F0DBD22B5FBEE200A15505 /* Products */;
			projectDirPath = "";
			projectRoot = "";
			targets = (
				C7F0DBD02B5FBEE200A15505 /* Developers */,
				C7A3A9882B6008A3000AA9F0 /* sticker */,
			);
		};
/* End PBXProject section */

/* Begin PBXResourcesBuildPhase section */
		C7A3A9872B6008A3000AA9F0 /* Resources */ = {
			isa = PBXResourcesBuildPhase;
			buildActionMask = 2147483647;
			files = (
				C7A3A98C2B6008A6000AA9F0 /* Stickers.xcassets in Resources */,
			);
			runOnlyForDeploymentPostprocessing = 0;
		};
		C7F0DBCF2B5FBEE200A15505 /* Resources */ = {
			isa = PBXResourcesBuildPhase;
			buildActionMask = 2147483647;
			files = (
				C7A3A9772B5FF446000AA9F0 /* sound-chime.mp3 in Resources */,
				C7F0DBE32B5FC71F00A15505 /* Launch Screen.storyboard in Resources */,
				C7F0DBDC2B5FBEE500A15505 /* Preview Assets.xcassets in Resources */,
				C7F0DBD92B5FBEE500A15505 /* Assets.xcassets in Resources */,
			);
			runOnlyForDeploymentPostprocessing = 0;
		};
/* End PBXResourcesBuildPhase section */

/* Begin PBXSourcesBuildPhase section */
		C7F0DBCD2B5FBEE200A15505 /* Sources */ = {
			isa = PBXSourcesBuildPhase;
			buildActionMask = 2147483647;
			files = (
				C7A3A9712B5FDB87000AA9F0 /* CardData.swift in Sources */,
				C7F0DBD72B5FBEE200A15505 /* ContentView.swift in Sources */,
				C7A3A9732B5FE19E000AA9F0 /* PlayAudio.swift in Sources */,
				C7A3A96F2B5FD951000AA9F0 /* CardModel.swift in Sources */,
				C7A3A96C2B5FCCE9000AA9F0 /* CardView.swift in Sources */,
				C7F0DBD52B5FBEE200A15505 /* DevelopersApp.swift in Sources */,
			);
			runOnlyForDeploymentPostprocessing = 0;
		};
/* End PBXSourcesBuildPhase section */

/* Begin PBXTargetDependency section */
		C7A3A98F2B6008A6000AA9F0 /* PBXTargetDependency */ = {
			isa = PBXTargetDependency;
			target = C7A3A9882B6008A3000AA9F0 /* sticker */;
			targetProxy = C7A3A98E2B6008A6000AA9F0 /* PBXContainerItemProxy */;
		};
/* End PBXTargetDependency section */

/* Begin XCBuildConfiguration section */
		C7A3A9922B6008A6000AA9F0 /* Debug */ = {
			isa = XCBuildConfiguration;
			buildSettings = {
				ASSETCATALOG_COMPILER_APPICON_NAME = "iMessage App Icon";
				CODE_SIGN_STYLE = Automatic;
				CURRENT_PROJECT_VERSION = 1;
				DEVELOPMENT_TEAM = N2DY4425R7;
				GENERATE_INFOPLIST_FILE = YES;
				INFOPLIST_FILE = sticker/Info.plist;
				INFOPLIST_KEY_NSStickerSharingLevel = OS;
				MARKETING_VERSION = 1.0;
				PRODUCT_BUNDLE_IDENTIFIER = Kathiravan.Developers.sticker;
				PRODUCT_NAME = "$(TARGET_NAME)";
				SKIP_INSTALL = YES;
				SWIFT_EMIT_LOC_STRINGS = YES;
				TARGETED_DEVICE_FAMILY = "1,2";
			};
			name = Debug;
		};
		C7A3A9932B6008A6000AA9F0 /* Release */ = {
			isa = XCBuildConfiguration;
			buildSettings = {
				ASSETCATALOG_COMPILER_APPICON_NAME = "iMessage App Icon";
				CODE_SIGN_STYLE = Automatic;
				CURRENT_PROJECT_VERSION = 1;
				DEVELOPMENT_TEAM = N2DY4425R7;
				GENERATE_INFOPLIST_FILE = YES;
				INFOPLIST_FILE = sticker/Info.plist;
				INFOPLIST_KEY_NSStickerSharingLevel = OS;
				MARKETING_VERSION = 1.0;
				PRODUCT_BUNDLE_IDENTIFIER = Kathiravan.Developers.sticker;
				PRODUCT_NAME = "$(TARGET_NAME)";
				SKIP_INSTALL = YES;
				SWIFT_EMIT_LOC_STRINGS = YES;
				TARGETED_DEVICE_FAMILY = "1,2";
			};
			name = Release;
		};
		C7F0DBDD2B5FBEE500A15505 /* Debug */ = {
			isa = XCBuildConfiguration;
			buildSettings = {
				ALWAYS_SEARCH_USER_PATHS = NO;
				ASSETCATALOG_COMPILER_GENERATE_SWIFT_ASSET_SYMBOL_EXTENSIONS = YES;
				CLANG_ANALYZER_NONNULL = YES;
				CLANG_ANALYZER_NUMBER_OBJECT_CONVERSION = YES_AGGRESSIVE;
				CLANG_CXX_LANGUAGE_STANDARD = "gnu++20";
				CLANG_ENABLE_MODULES = YES;
				CLANG_ENABLE_OBJC_ARC = YES;
				CLANG_ENABLE_OBJC_WEAK = YES;
				CLANG_WARN_BLOCK_CAPTURE_AUTORELEASING = YES;
				CLANG_WARN_BOOL_CONVERSION = YES;
				CLANG_WARN_COMMA = YES;
				CLANG_WARN_CONSTANT_CONVERSION = YES;
				CLANG_WARN_DEPRECATED_OBJC_IMPLEMENTATIONS = YES;
				CLANG_WARN_DIRECT_OBJC_ISA_USAGE = YES_ERROR;
				CLANG_WARN_DOCUMENTATION_COMMENTS = YES;
				CLANG_WARN_EMPTY_BODY = YES;
				CLANG_WARN_ENUM_CONVERSION = YES;
				CLANG_WARN_INFINITE_RECURSION = YES;
				CLANG_WARN_INT_CONVERSION = YES;
				CLANG_WARN_NON_LITERAL_NULL_CONVERSION = YES;
				CLANG_WARN_OBJC_IMPLICIT_RETAIN_SELF = YES;
				CLANG_WARN_OBJC_LITERAL_CONVERSION = YES;
				CLANG_WARN_OBJC_ROOT_CLASS = YES_ERROR;
				CLANG_WARN_QUOTED_INCLUDE_IN_FRAMEWORK_HEADER = YES;
				CLANG_WARN_RANGE_LOOP_ANALYSIS = YES;
				CLANG_WARN_STRICT_PROTOTYPES = YES;
				CLANG_WARN_SUSPICIOUS_MOVE = YES;
				CLANG_WARN_UNGUARDED_AVAILABILITY = YES_AGGRESSIVE;
				CLANG_WARN_UNREACHABLE_CODE = YES;
				CLANG_WARN__DUPLICATE_METHOD_MATCH = YES;
				COPY_PHASE_STRIP = NO;
				DEBUG_INFORMATION_FORMAT = dwarf;
				ENABLE_STRICT_OBJC_MSGSEND = YES;
				ENABLE_TESTABILITY = YES;
				ENABLE_USER_SCRIPT_SANDBOXING = YES;
				GCC_C_LANGUAGE_STANDARD = gnu17;
				GCC_DYNAMIC_NO_PIC = NO;
				GCC_NO_COMMON_BLOCKS = YES;
				GCC_OPTIMIZATION_LEVEL = 0;
				GCC_PREPROCESSOR_DEFINITIONS = (
					"DEBUG=1",
					"$(inherited)",
				);
				GCC_WARN_64_TO_32_BIT_CONVERSION = YES;
				GCC_WARN_ABOUT_RETURN_TYPE = YES_ERROR;
				GCC_WARN_UNDECLARED_SELECTOR = YES;
				GCC_WARN_UNINITIALIZED_AUTOS = YES_AGGRESSIVE;
				GCC_WARN_UNUSED_FUNCTION = YES;
				GCC_WARN_UNUSED_VARIABLE = YES;
				IPHONEOS_DEPLOYMENT_TARGET = 17.2;
				LOCALIZATION_PREFERS_STRING_CATALOGS = YES;
				MTL_ENABLE_DEBUG_INFO = INCLUDE_SOURCE;
				MTL_FAST_MATH = YES;
				ONLY_ACTIVE_ARCH = YES;
				SDKROOT = iphoneos;
				SWIFT_ACTIVE_COMPILATION_CONDITIONS = "DEBUG $(inherited)";
				SWIFT_OPTIMIZATION_LEVEL = "-Onone";
			};
			name = Debug;
		};
		C7F0DBDE2B5FBEE500A15505 /* Release */ = {
			isa = XCBuildConfiguration;
			buildSettings = {
				ALWAYS_SEARCH_USER_PATHS = NO;
				ASSETCATALOG_COMPILER_GENERATE_SWIFT_ASSET_SYMBOL_EXTENSIONS = YES;
				CLANG_ANALYZER_NONNULL = YES;
				CLANG_ANALYZER_NUMBER_OBJECT_CONVERSION = YES_AGGRESSIVE;
				CLANG_CXX_LANGUAGE_STANDARD = "gnu++20";
				CLANG_ENABLE_MODULES = YES;
				CLANG_ENABLE_OBJC_ARC = YES;
				CLANG_ENABLE_OBJC_WEAK = YES;
				CLANG_WARN_BLOCK_CAPTURE_AUTORELEASING = YES;
				CLANG_WARN_BOOL_CONVERSION = YES;
				CLANG_WARN_COMMA = YES;
				CLANG_WARN_CONSTANT_CONVERSION = YES;
				CLANG_WARN_DEPRECATED_OBJC_IMPLEMENTATIONS = YES;
				CLANG_WARN_DIRECT_OBJC_ISA_USAGE = YES_ERROR;
				CLANG_WARN_DOCUMENTATION_COMMENTS = YES;
				CLANG_WARN_EMPTY_BODY = YES;
				CLANG_WARN_ENUM_CONVERSION = YES;
				CLANG_WARN_INFINITE_RECURSION = YES;
				CLANG_WARN_INT_CONVERSION = YES;
				CLANG_WARN_NON_LITERAL_NULL_CONVERSION = YES;
				CLANG_WARN_OBJC_IMPLICIT_RETAIN_SELF = YES;
				CLANG_WARN_OBJC_LITERAL_CONVERSION = YES;
				CLANG_WARN_OBJC_ROOT_CLASS = YES_ERROR;
				CLANG_WARN_QUOTED_INCLUDE_IN_FRAMEWORK_HEADER = YES;
				CLANG_WARN_RANGE_LOOP_ANALYSIS = YES;
				CLANG_WARN_STRICT_PROTOTYPES = YES;
				CLANG_WARN_SUSPICIOUS_MOVE = YES;
				CLANG_WARN_UNGUARDED_AVAILABILITY = YES_AGGRESSIVE;
				CLANG_WARN_UNREACHABLE_CODE = YES;
				CLANG_WARN__DUPLICATE_METHOD_MATCH = YES;
				COPY_PHASE_STRIP = NO;
				DEBUG_INFORMATION_FORMAT = "dwarf-with-dsym";
				ENABLE_NS_ASSERTIONS = NO;
				ENABLE_STRICT_OBJC_MSGSEND = YES;
				ENABLE_USER_SCRIPT_SANDBOXING = YES;
				GCC_C_LANGUAGE_STANDARD = gnu17;
				GCC_NO_COMMON_BLOCKS = YES;
				GCC_WARN_64_TO_32_BIT_CONVERSION = YES;
				GCC_WARN_ABOUT_RETURN_TYPE = YES_ERROR;
				GCC_WARN_UNDECLARED_SELECTOR = YES;
				GCC_WARN_UNINITIALIZED_AUTOS = YES_AGGRESSIVE;
				GCC_WARN_UNUSED_FUNCTION = YES;
				GCC_WARN_UNUSED_VARIABLE = YES;
				IPHONEOS_DEPLOYMENT_TARGET = 17.2;
				LOCALIZATION_PREFERS_STRING_CATALOGS = YES;
				MTL_ENABLE_DEBUG_INFO = NO;
				MTL_FAST_MATH = YES;
				SDKROOT = iphoneos;
				SWIFT_COMPILATION_MODE = wholemodule;
				VALIDATE_PRODUCT = YES;
			};
			name = Release;
		};
		C7F0DBE02B5FBEE500A15505 /* Debug */ = {
			isa = XCBuildConfiguration;
			buildSettings = {
				ASSETCATALOG_COMPILER_APPICON_NAME = AppIcon;
				ASSETCATALOG_COMPILER_GLOBAL_ACCENT_COLOR_NAME = AccentColor;
				CODE_SIGN_STYLE = Automatic;
				CURRENT_PROJECT_VERSION = 1;
				DEVELOPMENT_ASSET_PATHS = "\"Developers/Preview Content\"";
				DEVELOPMENT_TEAM = N2DY4425R7;
				ENABLE_PREVIEWS = YES;
				GENERATE_INFOPLIST_FILE = YES;
				INFOPLIST_KEY_UIApplicationSceneManifest_Generation = YES;
				INFOPLIST_KEY_UIApplicationSupportsIndirectInputEvents = YES;
				INFOPLIST_KEY_UILaunchScreen_Generation = YES;
				INFOPLIST_KEY_UISupportedInterfaceOrientations_iPad = "UIInterfaceOrientationPortrait UIInterfaceOrientationPortraitUpsideDown UIInterfaceOrientationLandscapeLeft UIInterfaceOrientationLandscapeRight";
				INFOPLIST_KEY_UISupportedInterfaceOrientations_iPhone = "UIInterfaceOrientationPortrait UIInterfaceOrientationLandscapeLeft UIInterfaceOrientationLandscapeRight";
				LD_RUNPATH_SEARCH_PATHS = (
					"$(inherited)",
					"@executable_path/Frameworks",
				);
				MARKETING_VERSION = 1.0;
				PRODUCT_BUNDLE_IDENTIFIER = Kathiravan.Developers;
				PRODUCT_NAME = "$(TARGET_NAME)";
				SWIFT_EMIT_LOC_STRINGS = YES;
				SWIFT_VERSION = 5.0;
				TARGETED_DEVICE_FAMILY = "1,2";
			};
			name = Debug;
		};
		C7F0DBE12B5FBEE500A15505 /* Release */ = {
			isa = XCBuildConfiguration;
			buildSettings = {
				ASSETCATALOG_COMPILER_APPICON_NAME = AppIcon;
				ASSETCATALOG_COMPILER_GLOBAL_ACCENT_COLOR_NAME = AccentColor;
				CODE_SIGN_STYLE = Automatic;
				CURRENT_PROJECT_VERSION = 1;
				DEVELOPMENT_ASSET_PATHS = "\"Developers/Preview Content\"";
				DEVELOPMENT_TEAM = N2DY4425R7;
				ENABLE_PREVIEWS = YES;
				GENERATE_INFOPLIST_FILE = YES;
				INFOPLIST_KEY_UIApplicationSceneManifest_Generation = YES;
				INFOPLIST_KEY_UIApplicationSupportsIndirectInputEvents = YES;
				INFOPLIST_KEY_UILaunchScreen_Generation = YES;
				INFOPLIST_KEY_UISupportedInterfaceOrientations_iPad = "UIInterfaceOrientationPortrait UIInterfaceOrientationPortraitUpsideDown UIInterfaceOrientationLandscapeLeft UIInterfaceOrientationLandscapeRight";
				INFOPLIST_KEY_UISupportedInterfaceOrientations_iPhone = "UIInterfaceOrientationPortrait UIInterfaceOrientationLandscapeLeft UIInterfaceOrientationLandscapeRight";
				LD_RUNPATH_SEARCH_PATHS = (
					"$(inherited)",
					"@executable_path/Frameworks",
				);
				MARKETING_VERSION = 1.0;
				PRODUCT_BUNDLE_IDENTIFIER = Kathiravan.Developers;
				PRODUCT_NAME = "$(TARGET_NAME)";
				SWIFT_EMIT_LOC_STRINGS = YES;
				SWIFT_VERSION = 5.0;
				TARGETED_DEVICE_FAMILY = "1,2";
			};
			name = Release;
		};
/* End XCBuildConfiguration section */

/* Begin XCConfigurationList section */
		C7A3A9912B6008A6000AA9F0 /* Build configuration list for PBXNativeTarget "sticker" */ = {
			isa = XCConfigurationList;
			buildConfigurations = (
				C7A3A9922B6008A6000AA9F0 /* Debug */,
				C7A3A9932B6008A6000AA9F0 /* Release */,
			);
			defaultConfigurationIsVisible = 0;
			defaultConfigurationName = Release;
		};
		C7F0DBCC2B5FBEE200A15505 /* Build configuration list for PBXProject "Developers" */ = {
			isa = XCConfigurationList;
			buildConfigurations = (
				C7F0DBDD2B5FBEE500A15505 /* Debug */,
				C7F0DBDE2B5FBEE500A15505 /* Release */,
			);
			defaultConfigurationIsVisible = 0;
			defaultConfigurationName = Release;
		};
		C7F0DBDF2B5FBEE500A15505 /* Build configuration list for PBXNativeTarget "Developers" */ = {
			isa = XCConfigurationList;
			buildConfigurations = (
				C7F0DBE02B5FBEE500A15505 /* Debug */,
				C7F0DBE12B5FBEE500A15505 /* Release */,
			);
			defaultConfigurationIsVisible = 0;
			defaultConfigurationName = Release;
		};
/* End XCConfigurationList section */
	};
	rootObject = C7F0DBC92B5FBEE200A15505 /* Project object */;
}
